{
  "meteor": {},
  "dependencies": {
    "basePackages": {
      "moment": {},
      "find-faster": {}
    },
    "packages": {
      "moment": {
        "git": "https://github.com/acreeger/meteor-moment.git",
        "tag": "v2.6.0",
        "commit": "26156df681750fd6e6ed77043eef32b6653ebbdf"
      },
      "find-faster": {
        "git": "https://github.com/arunoda/meteor-find-faster.git",
        "tag": "v0.1.3",
        "commit": "b821858e34692aa89782a06c32a88b735b2885ab"
      }
    }
  }
}
